
Microsoft Visual Studio Solution File, Format Version 12.00
# Visual Studio Version 16
VisualStudioVersion = 16.0.30413.136
MinimumVisualStudioVersion = 10.0.40219.1
Project("{FAE04EC0-301F-11D3-BF4B-00C04F79EFBC}") = "PokusGit", "PokusGit\PokusGit.csproj", "{CD17739D-8A58-48B7-BC41-20403414FF86}"
EndProject
Global
	GlobalSection(SolutionConfigurationPlatforms) = preSolution
		Debug|Any CPU = Debug|Any CPU
		Release|Any CPU = Release|Any CPU
	EndGlobalSection
	GlobalSection(ProjectConfigurationPlatforms) = postSolution
		{CD17739D-8A58-48B7-BC41-20403414FF86}.Debug|Any CPU.ActiveCfg = Debug|Any CPU
		{CD17739D-8A58-48B7-BC41-20403414FF86}.Debug|Any CPU.Build.0 = Debug|Any CPU
		{CD17739D-8A58-48B7-BC41-20403414FF86}.Release|Any CPU.ActiveCfg = Release|Any CPU
		{CD17739D-8A58-48B7-BC41-20403414FF86}.Release|Any CPU.Build.0 = Release|Any CPU
	EndGlobalSection
	GlobalSection(SolutionProperties) = preSolution
		HideSolutionNode = FALSE
	EndGlobalSection
	GlobalSection(ExtensibilityGlobals) = postSolution
		SolutionGuid = {3AF16585-43A5-4DB7-99CB-AD3B8A6380B1}
	EndGlobalSection
EndGlobal
